Microsoft Visual Studio Solution File, Format Version 12.00
# Visual Studio Version 17
VisualStudioVersion = 17.11.35005.142
MinimumVisualStudioVersion = 10.0.40219.1
Project("{FAE04EC0-301F-11D3-BF4B-00C04F79EFBC}") = "Adafruit.Dht.AspireApp.AppHost", "Adafruit.Dht.AspireApp.AppHost\Adafruit.Dht.AspireApp.AppHost.csproj", "{250BD0A9-3135-4E75-B8C3-A96D5152EC38}"
EndProject
Project("{9A19103F-16F7-4668-BE54-9A1E7A4F7556}") = "Adafruit.Dht.AspireApp.ServiceDefaults", "Adafruit.Dht.AspireApp.ServiceDefaults\Adafruit.Dht.AspireApp.ServiceDefaults.csproj", "{15A8440E-2E94-48AD-B45F-B78C5C0545ED}"
EndProject
Project("{9A19103F-16F7-4668-BE54-9A1E7A4F7556}") = "Adafruit.Dht.AspireApp.ApiService", "Adafruit.Dht.AspireApp.ApiService\Adafruit.Dht.AspireApp.ApiService.csproj", "{AF348233-B6B1-4875-9DA7-484886279701}"
EndProject
Project("{9A19103F-16F7-4668-BE54-9A1E7A4F7556}") = "Adafruit.Dht.AspireApp.Web", "Adafruit.Dht.AspireApp.Web\Adafruit.Dht.AspireApp.Web.csproj", "{606BE914-05B6-4D8B-BAEF-C1D66FFCD171}"
EndProject
Project("{9A19103F-16F7-4668-BE54-9A1E7A4F7556}") = "Adafruit.Dht.AspireApp.SensorDataCollector", "Adafruit.Dht.AspireApp.SensorDataCollector\Adafruit.Dht.AspireApp.SensorDataCollector.csproj", "{FD7CACEE-B34B-4C22-8AFB-4E8839817AC1}"
EndProject
Global
	GlobalSection(SolutionConfigurationPlatforms) = preSolution
		Debug|Any CPU = Debug|Any CPU
		Release|Any CPU = Release|Any CPU
	EndGlobalSection
	GlobalSection(ProjectConfigurationPlatforms) = postSolution
		{250BD0A9-3135-4E75-B8C3-A96D5152EC38}.Debug|Any CPU.ActiveCfg = Debug|Any CPU
		{250BD0A9-3135-4E75-B8C3-A96D5152EC38}.Debug|Any CPU.Build.0 = Debug|Any CPU
		{250BD0A9-3135-4E75-B8C3-A96D5152EC38}.Release|Any CPU.ActiveCfg = Release|Any CPU
		{250BD0A9-3135-4E75-B8C3-A96D5152EC38}.Release|Any CPU.Build.0 = Release|Any CPU
		{15A8440E-2E94-48AD-B45F-B78C5C0545ED}.Debug|Any CPU.ActiveCfg = Debug|Any CPU
		{15A8440E-2E94-48AD-B45F-B78C5C0545ED}.Debug|Any CPU.Build.0 = Debug|Any CPU
		{15A8440E-2E94-48AD-B45F-B78C5C0545ED}.Release|Any CPU.ActiveCfg = Release|Any CPU
		{15A8440E-2E94-48AD-B45F-B78C5C0545ED}.Release|Any CPU.Build.0 = Release|Any CPU
		{AF348233-B6B1-4875-9DA7-484886279701}.Debug|Any CPU.ActiveCfg = Debug|Any CPU
		{AF348233-B6B1-4875-9DA7-484886279701}.Debug|Any CPU.Build.0 = Debug|Any CPU
		{AF348233-B6B1-4875-9DA7-484886279701}.Release|Any CPU.ActiveCfg = Release|Any CPU
		{AF348233-B6B1-4875-9DA7-484886279701}.Release|Any CPU.Build.0 = Release|Any CPU
		{606BE914-05B6-4D8B-BAEF-C1D66FFCD171}.Debug|Any CPU.ActiveCfg = Debug|Any CPU
		{606BE914-05B6-4D8B-BAEF-C1D66FFCD171}.Debug|Any CPU.Build.0 = Debug|Any CPU
		{606BE914-05B6-4D8B-BAEF-C1D66FFCD171}.Release|Any CPU.ActiveCfg = Release|Any CPU
		{606BE914-05B6-4D8B-BAEF-C1D66FFCD171}.Release|Any CPU.Build.0 = Release|Any CPU
		{FD7CACEE-B34B-4C22-8AFB-4E8839817AC1}.Debug|Any CPU.ActiveCfg = Debug|Any CPU
		{FD7CACEE-B34B-4C22-8AFB-4E8839817AC1}.Debug|Any CPU.Build.0 = Debug|Any CPU
		{FD7CACEE-B34B-4C22-8AFB-4E8839817AC1}.Release|Any CPU.ActiveCfg = Release|Any CPU
		{FD7CACEE-B34B-4C22-8AFB-4E8839817AC1}.Release|Any CPU.Build.0 = Release|Any CPU
	EndGlobalSection
	GlobalSection(SolutionProperties) = preSolution
		HideSolutionNode = FALSE
	EndGlobalSection
	GlobalSection(ExtensibilityGlobals) = postSolution
		SolutionGuid = {9AE9085C-B4D2-4640-B81E-586FF9C7BD59}
	EndGlobalSection
EndGlobal
